
Microsoft Visual Studio Solution File, Format Version 12.00
# Visual Studio Version 17
VisualStudioVersion = 17.4.33122.133
MinimumVisualStudioVersion = 10.0.40219.1
Project("{FAE04EC0-301F-11D3-BF4B-00C04F79EFBC}") = "Test", "Test.csproj", "{A3D4CD36-E91B-42AF-A627-0D97E82EE09F}"
EndProject
Global
	GlobalSection(SolutionConfigurationPlatforms) = preSolution
		Debug|Any CPU = Debug|Any CPU
		Release|Any CPU = Release|Any CPU
	EndGlobalSection
	GlobalSection(ProjectConfigurationPlatforms) = postSolution
		{A3D4CD36-E91B-42AF-A627-0D97E82EE09F}.Debug|Any CPU.ActiveCfg = Debug|Any CPU
		{A3D4CD36-E91B-42AF-A627-0D97E82EE09F}.Debug|Any CPU.Build.0 = Debug|Any CPU
		{A3D4CD36-E91B-42AF-A627-0D97E82EE09F}.Release|Any CPU.ActiveCfg = Release|Any CPU
		{A3D4CD36-E91B-42AF-A627-0D97E82EE09F}.Release|Any CPU.Build.0 = Release|Any CPU
	EndGlobalSection
	GlobalSection(SolutionProperties) = preSolution
		HideSolutionNode = FALSE
	EndGlobalSection
	GlobalSection(ExtensibilityGlobals) = postSolution
		SolutionGuid = {81B9B449-E89F-42E7-BDA6-891AEEEF189E}
	EndGlobalSection
EndGlobal
